{
    "_meta": {
        "hash": {
            "sha256": "a4312a937566652422be4831bed9a0ee49896bb5a4e6f7c259425612d32d0f99"
        },
        "pipfile-spec": 6,
        "requires": {
            "python_version": "3.8"
        },
        "sources": [
            {
                "name": "pypi",
                "url": "https://pypi.org/simple",
                "verify_ssl": true
            }
        ]
    },
    "default": {
        "appdirs": {
            "hashes": [
                "sha256:7d5d0167b2b1ba821647616af46a749d1c653740dd0d2415100fe26e27afdf41",
                "sha256:a841dacd6b99318a741b166adb07e19ee71a274450e68237b4650ca1055ab128"
            ],
            "version": "==1.4.4"
        },
        "asgiref": {
            "hashes": [
                "sha256:4ef1ab46b484e3c706329cedeff284a5d40824200638503f5768edb6de7d58e9",
                "sha256:ffc141aa908e6f175673e7b1b3b7af4fdb0ecb738fc5c8b88f69f055c2415214"
            ],
            "markers": "python_version >= '3.6'",
            "version": "==3.4.1"
        },
        "black": {
            "hashes": [
                "sha256:1c02557aa099101b9d21496f8a914e9ed2222ef70336404eeeac8edba836fbea"
            ],
            "markers": "python_version >= '3.6'",
            "version": "==20.8b1"
        },
        "certifi": {
            "hashes": [
                "sha256:2bbf76fd432960138b3ef6dda3dde0544f27cbf8546c458e60baf371917ba9ee",
                "sha256:50b1e4f8446b06f41be7dd6338db18e0990601dce795c2b1686458aa7e8fa7d8"
            ],
            "version": "==2021.5.30"
        },
        "charset-normalizer": {
            "hashes": [
                "sha256:0c8911edd15d19223366a194a513099a302055a962bca2cec0f54b8b63175d8b",
                "sha256:f23667ebe1084be45f6ae0538e4a5a865206544097e4e8bbcacf42cd02a348f3"
            ],
            "markers": "python_version >= '3'",
            "version": "==2.0.4"
        },
        "click": {
            "hashes": [
                "sha256:8c04c11192119b1ef78ea049e0a6f0463e4c48ef00a30160c704337586f3ad7a",
                "sha256:fba402a4a47334742d782209a7c79bc448911afe1149d07bdabdf480b3e2f4b6"
            ],
            "markers": "python_version >= '3.6'",
            "version": "==8.0.1"
        },
        "django": {
            "hashes": [
                "sha256:7f92413529aa0e291f3be78ab19be31aefb1e1c9a52cd59e130f505f27a51f13",
                "sha256:f27f8544c9d4c383bbe007c57e3235918e258364577373d4920e9162837be022"
            ],
            "markers": "python_version >= '3.6'",
            "version": "==3.2.6"
        },
        "django-appconf": {
            "hashes": [
                "sha256:1b1d0e1069c843ebe8ae5aa48ec52403b1440402b320c3e3a206a0907e97bb06",
                "sha256:be58deb54a43d77d2e1621fe59f787681376d3cd0b8bd8e4758ef6c3a6453380"
            ],
            "version": "==1.0.4"
        },
        "django-debug-toolbar": {
            "hashes": [
                "sha256:8c5b13795d4040008ee69ba82dcdd259c49db346cf7d0de6e561a49d191f0860",
                "sha256:d7bab7573fab35b0fd029163371b7182f5826c13da69734beb675c761d06a4d3"
            ],
            "markers": "python_version >= '3.6'",
            "version": "==3.2.2"
        },
        "django-ditto": {
            "editable": true,
            "extras": [
                "dev"
            ],
            "path": "./.."
        },
        "django-imagekit": {
            "hashes": [
                "sha256:304c3379f6a5cac387e47ace11195a603ad3cb01e3e951b45489824d25b00359",
                "sha256:6ec0afb77cdf52cd453c9fc2c10ef350d111edfd6ce53c5977aa8a0e22cee00c"
            ],
            "version": "==4.0.2"
        },
        "django-sortedm2m": {
            "hashes": [
                "sha256:091e00e12b399ffd8fc74ebf4cc0f14d0bc0e28961c4ac714ca88ae24bd96aa3",
                "sha256:8acc3638b7a2587533c7776deaa2c6c035220c8f9fff85ed67858a9c6bf51e7c"
            ],
            "version": "==3.0.2"
        },
        "django-taggit": {
            "hashes": [
                "sha256:dfe9e9c10b5929132041de0c00093ef0072c73c2a97d0f74a818ae50fa77149a",
                "sha256:e5bb62891f458d55332e36a32e19c08d20142c43f74bc5656c803f8af25c084a"
            ],
            "markers": "python_version >= '3.6'",
            "version": "==1.5.1"
        },
        "flake8": {
            "hashes": [
                "sha256:749dbbd6bfd0cf1318af27bf97a14e28e5ff548ef8e5b1566ccfb25a11e7c839",
                "sha256:aadae8761ec651813c24be05c6f7b4680857ef6afaae4651a4eccaef97ce6c3b"
            ],
            "markers": "python_version >= '2.7' and python_version not in '3.0, 3.1, 3.2, 3.3'",
            "version": "==3.8.4"
        },
        "flickrapi": {
            "hashes": [
                "sha256:28e6d0ebafc83b79c58d5056b3370fb2ae6618e386fa691246f3240dbcd8b967",
                "sha256:ffb27b0e4f6d3ae8fc7d20e4696d2de2f95093ecf665a93d7f1d5a3383f8e20d"
            ],
            "version": "==2.4.0"
        },
        "idna": {
            "hashes": [
                "sha256:14475042e284991034cb48e06f6851428fb14c4dc953acd9be9a5e95c7b6dd7a",
                "sha256:467fbad99067910785144ce333826c71fb0e63a425657295239737f7ecd125f3"
            ],
            "markers": "python_version >= '3'",
            "version": "==3.2"
        },
        "mccabe": {
            "hashes": [
                "sha256:ab8a6258860da4b6677da4bd2fe5dc2c659cff31b3ee4f7f5d64e79735b80d42",
                "sha256:dd8d182285a0fe56bace7f45b5e7d1a6ebcbf524e8f3bd87eb0f125271b8831f"
            ],
            "version": "==0.6.1"
        },
        "mypy-extensions": {
            "hashes": [
                "sha256:090fedd75945a69ae91ce1303b5824f428daf5a028d2f6ab8a299250a846f15d",
                "sha256:2d82818f5bb3e369420cb3c4060a7970edba416647068eb4c5343488a6c604a8"
            ],
            "version": "==0.4.3"
        },
        "oauthlib": {
            "hashes": [
                "sha256:42bf6354c2ed8c6acb54d971fce6f88193d97297e18602a3a886603f9d7730cc",
                "sha256:8f0215fcc533dd8dd1bee6f4c412d4f0cd7297307d43ac61666389e3bc3198a3"
            ],
            "markers": "python_version >= '3.6'",
            "version": "==3.1.1"
        },
        "pathspec": {
            "hashes": [
                "sha256:7d15c4ddb0b5c802d161efc417ec1a2558ea2653c2e8ad9c19098201dc1c993a",
                "sha256:e564499435a2673d586f6b2130bb5b95f04a3ba06f81b8f895b651a3c76aabb1"
            ],
            "version": "==0.9.0"
        },
        "pilkit": {
            "hashes": [
                "sha256:ddb30c2f0198a147e56b151476c3bb9fe045fbfd5b0a0fa2a3148dba62d1559f"
            ],
            "version": "==2.0"
        },
        "pillow": {
            "hashes": [
                "sha256:0b2efa07f69dc395d95bb9ef3299f4ca29bcb2157dc615bae0b42c3c20668ffc",
                "sha256:114f816e4f73f9ec06997b2fde81a92cbf0777c9e8f462005550eed6bae57e63",
                "sha256:147bd9e71fb9dcf08357b4d530b5167941e222a6fd21f869c7911bac40b9994d",
                "sha256:15a2808e269a1cf2131930183dcc0419bc77bb73eb54285dde2706ac9939fa8e",
                "sha256:196560dba4da7a72c5e7085fccc5938ab4075fd37fe8b5468869724109812edd",
                "sha256:1c03e24be975e2afe70dfc5da6f187eea0b49a68bb2b69db0f30a61b7031cee4",
                "sha256:1fd5066cd343b5db88c048d971994e56b296868766e461b82fa4e22498f34d77",
                "sha256:29c9569049d04aaacd690573a0398dbd8e0bf0255684fee512b413c2142ab723",
                "sha256:2b6dfa068a8b6137da34a4936f5a816aba0ecc967af2feeb32c4393ddd671cba",
                "sha256:2cac53839bfc5cece8fdbe7f084d5e3ee61e1303cccc86511d351adcb9e2c792",
                "sha256:2ee77c14a0299d0541d26f3d8500bb57e081233e3fa915fa35abd02c51fa7fae",
                "sha256:37730f6e68bdc6a3f02d2079c34c532330d206429f3cee651aab6b66839a9f0e",
                "sha256:3f08bd8d785204149b5b33e3b5f0ebbfe2190ea58d1a051c578e29e39bfd2367",
                "sha256:479ab11cbd69612acefa8286481f65c5dece2002ffaa4f9db62682379ca3bb77",
                "sha256:4bc3c7ef940eeb200ca65bd83005eb3aae8083d47e8fcbf5f0943baa50726856",
                "sha256:660a87085925c61a0dcc80efb967512ac34dbb256ff7dd2b9b4ee8dbdab58cf4",
                "sha256:67b3666b544b953a2777cb3f5a922e991be73ab32635666ee72e05876b8a92de",
                "sha256:70af7d222df0ff81a2da601fab42decb009dc721545ed78549cb96e3a1c5f0c8",
                "sha256:75e09042a3b39e0ea61ce37e941221313d51a9c26b8e54e12b3ececccb71718a",
                "sha256:8960a8a9f4598974e4c2aeb1bff9bdd5db03ee65fd1fce8adf3223721aa2a636",
                "sha256:9364c81b252d8348e9cc0cb63e856b8f7c1b340caba6ee7a7a65c968312f7dab",
                "sha256:969cc558cca859cadf24f890fc009e1bce7d7d0386ba7c0478641a60199adf79",
                "sha256:9a211b663cf2314edbdb4cf897beeb5c9ee3810d1d53f0e423f06d6ebbf9cd5d",
                "sha256:a17ca41f45cf78c2216ebfab03add7cc350c305c38ff34ef4eef66b7d76c5229",
                "sha256:a2f381932dca2cf775811a008aa3027671ace723b7a38838045b1aee8669fdcf",
                "sha256:a4eef1ff2d62676deabf076f963eda4da34b51bc0517c70239fafed1d5b51500",
                "sha256:c088a000dfdd88c184cc7271bfac8c5b82d9efa8637cd2b68183771e3cf56f04",
                "sha256:c0e0550a404c69aab1e04ae89cca3e2a042b56ab043f7f729d984bf73ed2a093",
                "sha256:c11003197f908878164f0e6da15fce22373ac3fc320cda8c9d16e6bba105b844",
                "sha256:c2a5ff58751670292b406b9f06e07ed1446a4b13ffced6b6cab75b857485cbc8",
                "sha256:c35d09db702f4185ba22bb33ef1751ad49c266534339a5cebeb5159d364f6f82",
                "sha256:c379425c2707078dfb6bfad2430728831d399dc95a7deeb92015eb4c92345eaf",
                "sha256:cc866706d56bd3a7dbf8bac8660c6f6462f2f2b8a49add2ba617bc0c54473d83",
                "sha256:d0da39795049a9afcaadec532e7b669b5ebbb2a9134576ebcc15dd5bdae33cc0",
                "sha256:f156d6ecfc747ee111c167f8faf5f4953761b5e66e91a4e6767e548d0f80129c",
                "sha256:f4ebde71785f8bceb39dcd1e7f06bcc5d5c3cf48b9f69ab52636309387b097c8",
                "sha256:fc214a6b75d2e0ea7745488da7da3c381f41790812988c7a92345978414fad37",
                "sha256:fd7eef578f5b2200d066db1b50c4aa66410786201669fb76d5238b007918fb24",
                "sha256:ff04c373477723430dce2e9d024c708a047d44cf17166bf16e604b379bf0ca14"
            ],
            "markers": "python_version >= '3.6'",
            "version": "==8.3.1"
        },
        "pycodestyle": {
            "hashes": [
                "sha256:2295e7b2f6b5bd100585ebcb1f616591b652db8a741695b3d8f5d28bdc934367",
                "sha256:c58a7d2815e0e8d7972bf1803331fb0152f867bd89adf8a01dfd55085434192e"
            ],
            "markers": "python_version >= '2.7' and python_version not in '3.0, 3.1, 3.2, 3.3'",
            "version": "==2.6.0"
        },
        "pyflakes": {
            "hashes": [
                "sha256:0d94e0e05a19e57a99444b6ddcf9a6eb2e5c68d3ca1e98e90707af8152c90a92",
                "sha256:35b2d75ee967ea93b55750aa9edbbf72813e06a66ba54438df2cfac9e3c27fc8"
            ],
            "markers": "python_version >= '2.7' and python_version not in '3.0, 3.1, 3.2, 3.3'",
            "version": "==2.2.0"
        },
        "python-dateutil": {
            "editable": true,
            "extras": [
                "dev"
            ],
            "path": "./.."
        },
        "pytz": {
            "hashes": [
                "sha256:83a4a90894bf38e243cf052c8b58f381bfe9a7a483f6a9cab140bc7f702ac4da",
                "sha256:eb10ce3e7736052ed3623d49975ce333bcd712c7bb19a58b9e2089d4057d0798"
            ],
            "version": "==2021.1"
        },
        "regex": {
            "hashes": [
                "sha256:03840a07a402576b8e3a6261f17eb88abd653ad4e18ec46ef10c9a63f8c99ebd",
                "sha256:06ba444bbf7ede3890a912bd4904bb65bf0da8f0d8808b90545481362c978642",
                "sha256:1f9974826aeeda32a76648fc677e3125ade379869a84aa964b683984a2dea9f1",
                "sha256:330836ad89ff0be756b58758878409f591d4737b6a8cef26a162e2a4961c3321",
                "sha256:38600fd58c2996829480de7d034fb2d3a0307110e44dae80b6b4f9b3d2eea529",
                "sha256:3a195e26df1fbb40ebee75865f9b64ba692a5824ecb91c078cc665b01f7a9a36",
                "sha256:41acdd6d64cd56f857e271009966c2ffcbd07ec9149ca91f71088574eaa4278a",
                "sha256:45f97ade892ace20252e5ccecdd7515c7df5feeb42c3d2a8b8c55920c3551c30",
                "sha256:4b0c211c55d4aac4309c3209833c803fada3fc21cdf7b74abedda42a0c9dc3ce",
                "sha256:5d5209c3ba25864b1a57461526ebde31483db295fc6195fdfc4f8355e10f7376",
                "sha256:615fb5a524cffc91ab4490b69e10ae76c1ccbfa3383ea2fad72e54a85c7d47dd",
                "sha256:61e734c2bcb3742c3f454dfa930ea60ea08f56fd1a0eb52d8cb189a2f6be9586",
                "sha256:640ccca4d0a6fcc6590f005ecd7b16c3d8f5d52174e4854f96b16f34c39d6cb7",
                "sha256:6dbd51c3db300ce9d3171f4106da18fe49e7045232630fe3d4c6e37cb2b39ab9",
                "sha256:71a904da8c9c02aee581f4452a5a988c3003207cb8033db426f29e5b2c0b7aea",
                "sha256:8021dee64899f993f4b5cca323aae65aabc01a546ed44356a0965e29d7893c94",
                "sha256:8b8d551f1bd60b3e1c59ff55b9e8d74607a5308f66e2916948cafd13480b44a3",
                "sha256:93f9f720081d97acee38a411e861d4ce84cbc8ea5319bc1f8e38c972c47af49f",
                "sha256:96f0c79a70642dfdf7e6a018ebcbea7ea5205e27d8e019cad442d2acfc9af267",
                "sha256:9966337353e436e6ba652814b0a957a517feb492a98b8f9d3b6ba76d22301dcc",
                "sha256:a34ba9e39f8269fd66ab4f7a802794ffea6d6ac500568ec05b327a862c21ce23",
                "sha256:a49f85f0a099a5755d0a2cc6fc337e3cb945ad6390ec892332c691ab0a045882",
                "sha256:a795829dc522227265d72b25d6ee6f6d41eb2105c15912c230097c8f5bfdbcdc",
                "sha256:a89ca4105f8099de349d139d1090bad387fe2b208b717b288699ca26f179acbe",
                "sha256:ac95101736239260189f426b1e361dc1b704513963357dc474beb0f39f5b7759",
                "sha256:ae87ab669431f611c56e581679db33b9a467f87d7bf197ac384e71e4956b4456",
                "sha256:b091dcfee169ad8de21b61eb2c3a75f9f0f859f851f64fdaf9320759a3244239",
                "sha256:b511c6009d50d5c0dd0bab85ed25bc8ad6b6f5611de3a63a59786207e82824bb",
                "sha256:b79dc2b2e313565416c1e62807c7c25c67a6ff0a0f8d83a318df464555b65948",
                "sha256:bca14dfcfd9aae06d7d8d7e105539bd77d39d06caaae57a1ce945670bae744e0",
                "sha256:c835c30f3af5c63a80917b72115e1defb83de99c73bc727bddd979a3b449e183",
                "sha256:ccd721f1d4fc42b541b633d6e339018a08dd0290dc67269df79552843a06ca92",
                "sha256:d6c2b1d78ceceb6741d703508cd0e9197b34f6bf6864dab30f940f8886e04ade",
                "sha256:d6ec4ae13760ceda023b2e5ef1f9bc0b21e4b0830458db143794a117fdbdc044",
                "sha256:d8b623fc429a38a881ab2d9a56ef30e8ea20c72a891c193f5ebbddc016e083ee",
                "sha256:ea9753d64cba6f226947c318a923dadaf1e21cd8db02f71652405263daa1f033",
                "sha256:ebbceefbffae118ab954d3cd6bf718f5790db66152f95202ebc231d58ad4e2c2",
                "sha256:ecb6e7c45f9cd199c10ec35262b53b2247fb9a408803ed00ee5bb2b54aa626f5",
                "sha256:ef9326c64349e2d718373415814e754183057ebc092261387a2c2f732d9172b2",
                "sha256:f93a9d8804f4cec9da6c26c8cfae2c777028b4fdd9f49de0302e26e00bb86504",
                "sha256:faf08b0341828f6a29b8f7dd94d5cf8cc7c39bfc3e67b78514c54b494b66915a"
            ],
            "version": "==2021.8.21"
        },
        "requests": {
            "hashes": [
                "sha256:6c1246513ecd5ecd4528a0906f910e8f0f9c6b8ec72030dc9fd154dc1a6efd24",
                "sha256:b8aa58f8cf793ffd8782d3d8cb19e66ef36f7aba4353eec859e74678b01b07a7"
            ],
            "markers": "python_version >= '2.7' and python_version not in '3.0, 3.1, 3.2, 3.3, 3.4, 3.5'",
            "version": "==2.26.0"
        },
        "requests-oauthlib": {
            "hashes": [
                "sha256:7f71572defaecd16372f9006f33c2ec8c077c3cfa6f5911a9a90202beb513f3d",
                "sha256:b4261601a71fd721a8bd6d7aa1cc1d6a8a93b4a9f5e96626f8e4d91e8beeaa6a",
                "sha256:fa6c47b933f01060936d87ae9327fead68768b69c6c9ea2109c48be30f2d4dbc"
            ],
            "version": "==1.3.0"
        },
        "requests-toolbelt": {
            "hashes": [
                "sha256:380606e1d10dc85c3bd47bf5a6095f815ec007be7a8b69c878507068df059e6f",
                "sha256:968089d4584ad4ad7c171454f0a5c6dac23971e9472521ea3b6d49d610aa6fc0"
            ],
            "version": "==0.9.1"
        },
        "six": {
            "hashes": [
                "sha256:1e61c37477a1626458e36f7b1d82aa5c9b094fa4802892072e49de9c60c4c926",
                "sha256:8abb2f1d86890a2dfb989f9a77cfcfd3e47c2a354b01111771326f8aa26e0254"
            ],
            "markers": "python_version >= '2.7' and python_version not in '3.0, 3.1, 3.2, 3.3'",
            "version": "==1.16.0"
        },
        "sqlparse": {
            "hashes": [
                "sha256:017cde379adbd6a1f15a61873f43e8274179378e95ef3fede90b5aa64d304ed0",
                "sha256:0f91fd2e829c44362cbcfab3e9ae12e22badaa8a29ad5ff599f9ec109f0454e8"
            ],
            "markers": "python_version >= '3.5'",
            "version": "==0.4.1"
        },
        "toml": {
            "hashes": [
                "sha256:806143ae5bfb6a3c6e736a764057db0e6a0e05e338b5630894a5f779cabb4f9b",
                "sha256:b3bda1d108d5dd99f4a20d24d9c348e91c4db7ab1b749200bded2f839ccbe68f"
            ],
            "markers": "python_version >= '2.6' and python_version not in '3.0, 3.1, 3.2, 3.3'",
            "version": "==0.10.2"
        },
        "twitter-text-python": {
            "hashes": [
                "sha256:baa31cca5801a86075b5b44537e06659cc55c1a8011001126db93c62172f86b6"
            ],
            "version": "==1.1.1"
        },
        "twython": {
            "hashes": [
                "sha256:5a3f0ac24d10705257028fb4205bfedf432ff28d358b796e0c2f01a2f9990c84",
                "sha256:aef7ad4faabee91efcbe82a8618b38a948498fc6b3eca4cd76f642f957353818"
            ],
            "markers": "python_version >= '3.5'",
            "version": "==3.9.1"
        },
        "typed-ast": {
            "hashes": [
                "sha256:01ae5f73431d21eead5015997ab41afa53aa1fbe252f9da060be5dad2c730ace",
                "sha256:067a74454df670dcaa4e59349a2e5c81e567d8d65458d480a5b3dfecec08c5ff",
                "sha256:0fb71b8c643187d7492c1f8352f2c15b4c4af3f6338f21681d3681b3dc31a266",
                "sha256:1b3ead4a96c9101bef08f9f7d1217c096f31667617b58de957f690c92378b528",
                "sha256:2068531575a125b87a41802130fa7e29f26c09a2833fea68d9a40cf33902eba6",
                "sha256:209596a4ec71d990d71d5e0d312ac935d86930e6eecff6ccc7007fe54d703808",
                "sha256:2c726c276d09fc5c414693a2de063f521052d9ea7c240ce553316f70656c84d4",
                "sha256:398e44cd480f4d2b7ee8d98385ca104e35c81525dd98c519acff1b79bdaac363",
                "sha256:52b1eb8c83f178ab787f3a4283f68258525f8d70f778a2f6dd54d3b5e5fb4341",
                "sha256:5feca99c17af94057417d744607b82dd0a664fd5e4ca98061480fd8b14b18d04",
                "sha256:7538e495704e2ccda9b234b82423a4038f324f3a10c43bc088a1636180f11a41",
                "sha256:760ad187b1041a154f0e4d0f6aae3e40fdb51d6de16e5c99aedadd9246450e9e",
                "sha256:777a26c84bea6cd934422ac2e3b78863a37017618b6e5c08f92ef69853e765d3",
                "sha256:95431a26309a21874005845c21118c83991c63ea800dd44843e42a916aec5899",
                "sha256:9ad2c92ec681e02baf81fdfa056fe0d818645efa9af1f1cd5fd6f1bd2bdfd805",
                "sha256:9c6d1a54552b5330bc657b7ef0eae25d00ba7ffe85d9ea8ae6540d2197a3788c",
                "sha256:aee0c1256be6c07bd3e1263ff920c325b59849dc95392a05f258bb9b259cf39c",
                "sha256:af3d4a73793725138d6b334d9d247ce7e5f084d96284ed23f22ee626a7b88e39",
                "sha256:b36b4f3920103a25e1d5d024d155c504080959582b928e91cb608a65c3a49e1a",
                "sha256:b9574c6f03f685070d859e75c7f9eeca02d6933273b5e69572e5ff9d5e3931c3",
                "sha256:bff6ad71c81b3bba8fa35f0f1921fb24ff4476235a6e94a26ada2e54370e6da7",
                "sha256:c190f0899e9f9f8b6b7863debfb739abcb21a5c054f911ca3596d12b8a4c4c7f",
                "sha256:c907f561b1e83e93fad565bac5ba9c22d96a54e7ea0267c708bffe863cbe4075",
                "sha256:cae53c389825d3b46fb37538441f75d6aecc4174f615d048321b716df2757fb0",
                "sha256:dd4a21253f42b8d2b48410cb31fe501d32f8b9fbeb1f55063ad102fe9c425e40",
                "sha256:dde816ca9dac1d9c01dd504ea5967821606f02e510438120091b84e852367428",
                "sha256:f2362f3cb0f3172c42938946dbc5b7843c2a28aec307c49100c8b38764eb6927",
                "sha256:f328adcfebed9f11301eaedfa48e15bdece9b519fb27e6a8c01aa52a17ec31b3",
                "sha256:f8afcf15cc511ada719a88e013cec87c11aff7b91f019295eb4530f96fe5ef2f",
                "sha256:fb1bbeac803adea29cedd70781399c99138358c26d05fcbd23c13016b7f5ec65"
            ],
            "version": "==1.4.3"
        },
        "typing-extensions": {
            "hashes": [
                "sha256:0ac0f89795dd19de6b97debb0c6af1c70987fd80a2d62d1958f7e56fcc31b497",
                "sha256:50b6f157849174217d0656f99dc82fe932884fb250826c18350e159ec6cdf342",
                "sha256:779383f6086d90c99ae41cf0ff39aac8a7937a9283ce0a414e5dd782f4c94a84"
            ],
            "version": "==3.10.0.0"
        },
        "urllib3": {
            "hashes": [
                "sha256:39fb8672126159acb139a7718dd10806104dec1e2f0f6c88aab05d17df10c8d4",
                "sha256:f57b4c16c62fa2760b7e3d97c35b255512fb6b59a259730f36ba32ce9f8e342f"
            ],
            "markers": "python_version >= '2.7' and python_version not in '3.0, 3.1, 3.2, 3.3, 3.4' and python_version < '4'",
            "version": "==1.26.6"
        }
    },
    "develop": {}
}
